// !$*UTF8*$!
{
	archiveVersion = 1;
	classes = {
	};
	objectVersion = 50;
	objects = {

/* Begin PBXBuildFile section */
		FB3AACFF2485EC510085EE9E /* PlantForm.swift in Sources */ = {isa = PBXBuildFile; fileRef = FB3AACFE2485EC510085EE9E /* PlantForm.swift */; };
		FB8634B824871C06004A9112 /* Binding+DefaultValue.swift in Sources */ = {isa = PBXBuildFile; fileRef = FB8634B724871C06004A9112 /* Binding+DefaultValue.swift */; };
		FB8634BA248889C2004A9112 /* Localizable.stringsdict in Resources */ = {isa = PBXBuildFile; fileRef = FB8634B9248889C2004A9112 /* Localizable.stringsdict */; };
		FB8634C62489BA8C004A9112 /* Plant+CoreDataClass.swift in Sources */ = {isa = PBXBuildFile; fileRef = FB8634C42489BA8C004A9112 /* Plant+CoreDataClass.swift */; };
		FB8634C72489BA8C004A9112 /* Plant+CoreDataProperties.swift in Sources */ = {isa = PBXBuildFile; fileRef = FB8634C52489BA8C004A9112 /* Plant+CoreDataProperties.swift */; };
		FB8634CB2489BC5F004A9112 /* WaterLog+CoreDataClass.swift in Sources */ = {isa = PBXBuildFile; fileRef = FB8634C92489BC5F004A9112 /* WaterLog+CoreDataClass.swift */; };
		FB8634CC2489BC5F004A9112 /* WaterLog+CoreDataProperties.swift in Sources */ = {isa = PBXBuildFile; fileRef = FB8634CA2489BC5F004A9112 /* WaterLog+CoreDataProperties.swift */; };
		FBC024A524853DAD0006EF39 /* AppDelegate.swift in Sources */ = {isa = PBXBuildFile; fileRef = FBC024A424853DAD0006EF39 /* AppDelegate.swift */; };
		FBC024A724853DAD0006EF39 /* SceneDelegate.swift in Sources */ = {isa = PBXBuildFile; fileRef = FBC024A624853DAD0006EF39 /* SceneDelegate.swift */; };
		FBC024AA24853DAD0006EF39 /* Agronomist.xcdatamodeld in Sources */ = {isa = PBXBuildFile; fileRef = FBC024A824853DAD0006EF39 /* Agronomist.xcdatamodeld */; };
		FBC024AC24853DAD0006EF39 /* ContentView.swift in Sources */ = {isa = PBXBuildFile; fileRef = FBC024AB24853DAD0006EF39 /* ContentView.swift */; };
		FBC024AE24853DAF0006EF39 /* Assets.xcassets in Resources */ = {isa = PBXBuildFile; fileRef = FBC024AD24853DAF0006EF39 /* Assets.xcassets */; };
		FBC024B124853DAF0006EF39 /* Preview Assets.xcassets in Resources */ = {isa = PBXBuildFile; fileRef = FBC024B024853DAF0006EF39 /* Preview Assets.xcassets */; };
		FBC024B424853DAF0006EF39 /* LaunchScreen.storyboard in Resources */ = {isa = PBXBuildFile; fileRef = FBC024B224853DAF0006EF39 /* LaunchScreen.storyboard */; };
		FBC024C424854F130006EF39 /* PlantsListView.swift in Sources */ = {isa = PBXBuildFile; fileRef = FBC024C324854F130006EF39 /* PlantsListView.swift */; };
		FBC024C924859CE50006EF39 /* PlantsListRowView.swift in Sources */ = {isa = PBXBuildFile; fileRef = FBC024C824859CE50006EF39 /* PlantsListRowView.swift */; };
		FBC024CC24859D930006EF39 /* PlantDetailView.swift in Sources */ = {isa = PBXBuildFile; fileRef = FBC024CB24859D930006EF39 /* PlantDetailView.swift */; };
/* End PBXBuildFile section */

/* Begin PBXFileReference section */
		FB3AACFE2485EC510085EE9E /* PlantForm.swift */ = {isa = PBXFileReference; lastKnownFileType = sourcecode.swift; path = PlantForm.swift; sourceTree = "<group>"; };
		FB8634B724871C06004A9112 /* Binding+DefaultValue.swift */ = {isa = PBXFileReference; lastKnownFileType = sourcecode.swift; path = "Binding+DefaultValue.swift"; sourceTree = "<group>"; };
		FB8634B9248889C2004A9112 /* Localizable.stringsdict */ = {isa = PBXFileReference; lastKnownFileType = text.plist.stringsdict; path = Localizable.stringsdict; sourceTree = "<group>"; };
		FB8634C42489BA8C004A9112 /* Plant+CoreDataClass.swift */ = {isa = PBXFileReference; lastKnownFileType = sourcecode.swift; path = "Plant+CoreDataClass.swift"; sourceTree = "<group>"; };
		FB8634C52489BA8C004A9112 /* Plant+CoreDataProperties.swift */ = {isa = PBXFileReference; lastKnownFileType = sourcecode.swift; path = "Plant+CoreDataProperties.swift"; sourceTree = "<group>"; };
		FB8634C92489BC5F004A9112 /* WaterLog+CoreDataClass.swift */ = {isa = PBXFileReference; lastKnownFileType = sourcecode.swift; path = "WaterLog+CoreDataClass.swift"; sourceTree = "<group>"; };
		FB8634CA2489BC5F004A9112 /* WaterLog+CoreDataProperties.swift */ = {isa = PBXFileReference; lastKnownFileType = sourcecode.swift; path = "WaterLog+CoreDataProperties.swift"; sourceTree = "<group>"; };
		FBC024A124853DAD0006EF39 /* Agronomist.app */ = {isa = PBXFileReference; explicitFileType = wrapper.application; includeInIndex = 0; path = Agronomist.app; sourceTree = BUILT_PRODUCTS_DIR; };
		FBC024A424853DAD0006EF39 /* AppDelegate.swift */ = {isa = PBXFileReference; lastKnownFileType = sourcecode.swift; path = AppDelegate.swift; sourceTree = "<group>"; };
		FBC024A624853DAD0006EF39 /* SceneDelegate.swift */ = {isa = PBXFileReference; lastKnownFileType = sourcecode.swift; path = SceneDelegate.swift; sourceTree = "<group>"; };
		FBC024A924853DAD0006EF39 /* Agronomist.xcdatamodel */ = {isa = PBXFileReference; lastKnownFileType = wrapper.xcdatamodel; path = Agronomist.xcdatamodel; sourceTree = "<group>"; };
		FBC024AB24853DAD0006EF39 /* ContentView.swift */ = {isa = PBXFileReference; lastKnownFileType = sourcecode.swift; path = ContentView.swift; sourceTree = "<group>"; };
		FBC024AD24853DAF0006EF39 /* Assets.xcassets */ = {isa = PBXFileReference; lastKnownFileType = folder.assetcatalog; path = Assets.xcassets; sourceTree = "<group>"; };
		FBC024B024853DAF0006EF39 /* Preview Assets.xcassets */ = {isa = PBXFileReference; lastKnownFileType = folder.assetcatalog; path = "Preview Assets.xcassets"; sourceTree = "<group>"; };
		FBC024B324853DAF0006EF39 /* Base */ = {isa = PBXFileReference; lastKnownFileType = file.storyboard; name = Base; path = Base.lproj/LaunchScreen.storyboard; sourceTree = "<group>"; };
		FBC024B524853DAF0006EF39 /* Info.plist */ = {isa = PBXFileReference; lastKnownFileType = text.plist.xml; path = Info.plist; sourceTree = "<group>"; };
		FBC024C324854F130006EF39 /* PlantsListView.swift */ = {isa = PBXFileReference; lastKnownFileType = sourcecode.swift; path = PlantsListView.swift; sourceTree = "<group>"; };
		FBC024C824859CE50006EF39 /* PlantsListRowView.swift */ = {isa = PBXFileReference; lastKnownFileType = sourcecode.swift; path = PlantsListRowView.swift; sourceTree = "<group>"; };
		FBC024CB24859D930006EF39 /* PlantDetailView.swift */ = {isa = PBXFileReference; lastKnownFileType = sourcecode.swift; path = PlantDetailView.swift; sourceTree = "<group>"; };
/* End PBXFileReference section */

/* Begin PBXFrameworksBuildPhase section */
		FBC0249E24853DAD0006EF39 /* Frameworks */ = {
			isa = PBXFrameworksBuildPhase;
			buildActionMask = 2147483647;
			files = (
			);
			runOnlyForDeploymentPostprocessing = 0;
		};
/* End PBXFrameworksBuildPhase section */

/* Begin PBXGroup section */
		FB1A4688248A665A0078AC88 /* PlantTodayView */ = {
			isa = PBXGroup;
			children = (
			);
			path = PlantTodayView;
			sourceTree = "<group>";
		};
		FB3AACFD2485EC320085EE9E /* PlantEditorForm */ = {
			isa = PBXGroup;
			children = (
				FB3AACFE2485EC510085EE9E /* PlantForm.swift */,
			);
			path = PlantEditorForm;
			sourceTree = "<group>";
		};
		FB8634C82489BA92004A9112 /* Models */ = {
			isa = PBXGroup;
			children = (
				FB8634C92489BC5F004A9112 /* WaterLog+CoreDataClass.swift */,
				FB8634CA2489BC5F004A9112 /* WaterLog+CoreDataProperties.swift */,
				FB8634C42489BA8C004A9112 /* Plant+CoreDataClass.swift */,
				FB8634C52489BA8C004A9112 /* Plant+CoreDataProperties.swift */,
			);
			path = Models;
			sourceTree = "<group>";
		};
		FBC0249824853DAD0006EF39 = {
			isa = PBXGroup;
			children = (
				FBC024A324853DAD0006EF39 /* Agronomist */,
				FBC024A224853DAD0006EF39 /* Products */,
			);
			sourceTree = "<group>";
		};
		FBC024A224853DAD0006EF39 /* Products */ = {
			isa = PBXGroup;
			children = (
				FBC024A124853DAD0006EF39 /* Agronomist.app */,
			);
			name = Products;
			sourceTree = "<group>";
		};
		FBC024A324853DAD0006EF39 /* Agronomist */ = {
			isa = PBXGroup;
			children = (
				FB1A4688248A665A0078AC88 /* PlantTodayView */,
				FB8634C82489BA92004A9112 /* Models */,
				FB3AACFD2485EC320085EE9E /* PlantEditorForm */,
				FBC024BB24853DC20006EF39 /* Plants List */,
				FBC024CA24859D850006EF39 /* Plant Detail */,
				FBC024A424853DAD0006EF39 /* AppDelegate.swift */,
				FBC024A624853DAD0006EF39 /* SceneDelegate.swift */,
				FBC024AB24853DAD0006EF39 /* ContentView.swift */,
				FBC024AD24853DAF0006EF39 /* Assets.xcassets */,
				FBC024B224853DAF0006EF39 /* LaunchScreen.storyboard */,
				FBC024B524853DAF0006EF39 /* Info.plist */,
				FBC024A824853DAD0006EF39 /* Agronomist.xcdatamodeld */,
				FBC024AF24853DAF0006EF39 /* Preview Content */,
				FB8634B724871C06004A9112 /* Binding+DefaultValue.swift */,
				FB8634B9248889C2004A9112 /* Localizable.stringsdict */,
			);
			path = Agronomist;
			sourceTree = "<group>";
		};
		FBC024AF24853DAF0006EF39 /* Preview Content */ = {
			isa = PBXGroup;
			children = (
				FBC024B024853DAF0006EF39 /* Preview Assets.xcassets */,
			);
			path = "Preview Content";
			sourceTree = "<group>";
		};
		FBC024BB24853DC20006EF39 /* Plants List */ = {
			isa = PBXGroup;
			children = (
				FBC024C324854F130006EF39 /* PlantsListView.swift */,
				FBC024C824859CE50006EF39 /* PlantsListRowView.swift */,
			);
			path = "Plants List";
			sourceTree = "<group>";
		};
		FBC024CA24859D850006EF39 /* Plant Detail */ = {
			isa = PBXGroup;
			children = (
				FBC024CB24859D930006EF39 /* PlantDetailView.swift */,
			);
			path = "Plant Detail";
			sourceTree = "<group>";
		};
/* End PBXGroup section */

/* Begin PBXNativeTarget section */
		FBC024A024853DAD0006EF39 /* Agronomist */ = {
			isa = PBXNativeTarget;
			buildConfigurationList = FBC024B824853DAF0006EF39 /* Build configuration list for PBXNativeTarget "Agronomist" */;
			buildPhases = (
				FBC0249D24853DAD0006EF39 /* Sources */,
				FBC0249E24853DAD0006EF39 /* Frameworks */,
				FBC0249F24853DAD0006EF39 /* Resources */,
			);
			buildRules = (
			);
			dependencies = (
			);
			name = Agronomist;
			productName = Agronomist;
			productReference = FBC024A124853DAD0006EF39 /* Agronomist.app */;
			productType = "com.apple.product-type.application";
		};
/* End PBXNativeTarget section */

/* Begin PBXProject section */
		FBC0249924853DAD0006EF39 /* Project object */ = {
			isa = PBXProject;
			attributes = {
				LastSwiftUpdateCheck = 1150;
				LastUpgradeCheck = 1150;
				ORGANIZATIONNAME = "Ryan Thally";
				TargetAttributes = {
					FBC024A024853DAD0006EF39 = {
						CreatedOnToolsVersion = 11.5;
					};
				};
			};
			buildConfigurationList = FBC0249C24853DAD0006EF39 /* Build configuration list for PBXProject "Agronomist" */;
			compatibilityVersion = "Xcode 9.3";
			developmentRegion = en;
			hasScannedForEncodings = 0;
			knownRegions = (
				en,
				Base,
			);
			mainGroup = FBC0249824853DAD0006EF39;
			productRefGroup = FBC024A224853DAD0006EF39 /* Products */;
			projectDirPath = "";
			projectRoot = "";
			targets = (
				FBC024A024853DAD0006EF39 /* Agronomist */,
			);
		};
/* End PBXProject section */

/* Begin PBXResourcesBuildPhase section */
		FBC0249F24853DAD0006EF39 /* Resources */ = {
			isa = PBXResourcesBuildPhase;
			buildActionMask = 2147483647;
			files = (
				FBC024B424853DAF0006EF39 /* LaunchScreen.storyboard in Resources */,
				FB8634BA248889C2004A9112 /* Localizable.stringsdict in Resources */,
				FBC024B124853DAF0006EF39 /* Preview Assets.xcassets in Resources */,
				FBC024AE24853DAF0006EF39 /* Assets.xcassets in Resources */,
			);
			runOnlyForDeploymentPostprocessing = 0;
		};
/* End PBXResourcesBuildPhase section */

/* Begin PBXSourcesBuildPhase section */
		FBC0249D24853DAD0006EF39 /* Sources */ = {
			isa = PBXSourcesBuildPhase;
			buildActionMask = 2147483647;
			files = (
				FB8634CB2489BC5F004A9112 /* WaterLog+CoreDataClass.swift in Sources */,
				FBC024C424854F130006EF39 /* PlantsListView.swift in Sources */,
				FBC024C924859CE50006EF39 /* PlantsListRowView.swift in Sources */,
				FB3AACFF2485EC510085EE9E /* PlantForm.swift in Sources */,
				FB8634C72489BA8C004A9112 /* Plant+CoreDataProperties.swift in Sources */,
				FB8634C62489BA8C004A9112 /* Plant+CoreDataClass.swift in Sources */,
				FBC024CC24859D930006EF39 /* PlantDetailView.swift in Sources */,
				FBC024AA24853DAD0006EF39 /* Agronomist.xcdatamodeld in Sources */,
				FB8634B824871C06004A9112 /* Binding+DefaultValue.swift in Sources */,
				FB8634CC2489BC5F004A9112 /* WaterLog+CoreDataProperties.swift in Sources */,
				FBC024A524853DAD0006EF39 /* AppDelegate.swift in Sources */,
				FBC024AC24853DAD0006EF39 /* ContentView.swift in Sources */,
				FBC024A724853DAD0006EF39 /* SceneDelegate.swift in Sources */,
			);
			runOnlyForDeploymentPostprocessing = 0;
		};
/* End PBXSourcesBuildPhase section */

/* Begin PBXVariantGroup section */
		FBC024B224853DAF0006EF39 /* LaunchScreen.storyboard */ = {
			isa = PBXVariantGroup;
			children = (
				FBC024B324853DAF0006EF39 /* Base */,
			);
			name = LaunchScreen.storyboard;
			sourceTree = "<group>";
		};
/* End PBXVariantGroup section */

/* Begin XCBuildConfiguration section */
		FBC024B624853DAF0006EF39 /* Debug */ = {
			isa = XCBuildConfiguration;
			buildSettings = {
				ALWAYS_SEARCH_USER_PATHS = NO;
				CLANG_ANALYZER_NONNULL = YES;
				CLANG_ANALYZER_NUMBER_OBJECT_CONVERSION = YES_AGGRESSIVE;
				CLANG_CXX_LANGUAGE_STANDARD = "gnu++14";
				CLANG_CXX_LIBRARY = "libc++";
				CLANG_ENABLE_MODULES = YES;
				CLANG_ENABLE_OBJC_ARC = YES;
				CLANG_ENABLE_OBJC_WEAK = YES;
				CLANG_WARN_BLOCK_CAPTURE_AUTORELEASING = YES;
				CLANG_WARN_BOOL_CONVERSION = YES;
				CLANG_WARN_COMMA = YES;
				CLANG_WARN_CONSTANT_CONVERSION = YES;
				CLANG_WARN_DEPRECATED_OBJC_IMPLEMENTATIONS = YES;
				CLANG_WARN_DIRECT_OBJC_ISA_USAGE = YES_ERROR;
				CLANG_WARN_DOCUMENTATION_COMMENTS = YES;
				CLANG_WARN_EMPTY_BODY = YES;
				CLANG_WARN_ENUM_CONVERSION = YES;
				CLANG_WARN_INFINITE_RECURSION = YES;
				CLANG_WARN_INT_CONVERSION = YES;
				CLANG_WARN_NON_LITERAL_NULL_CONVERSION = YES;
				CLANG_WARN_OBJC_IMPLICIT_RETAIN_SELF = YES;
				CLANG_WARN_OBJC_LITERAL_CONVERSION = YES;
				CLANG_WARN_OBJC_ROOT_CLASS = YES_ERROR;
				CLANG_WARN_RANGE_LOOP_ANALYSIS = YES;
				CLANG_WARN_STRICT_PROTOTYPES = YES;
				CLANG_WARN_SUSPICIOUS_MOVE = YES;
				CLANG_WARN_UNGUARDED_AVAILABILITY = YES_AGGRESSIVE;
				CLANG_WARN_UNREACHABLE_CODE = YES;
				CLANG_WARN__DUPLICATE_METHOD_MATCH = YES;
				COPY_PHASE_STRIP = NO;
				DEBUG_INFORMATION_FORMAT = dwarf;
				ENABLE_STRICT_OBJC_MSGSEND = YES;
				ENABLE_TESTABILITY = YES;
				GCC_C_LANGUAGE_STANDARD = gnu11;
				GCC_DYNAMIC_NO_PIC = NO;
				GCC_NO_COMMON_BLOCKS = YES;
				GCC_OPTIMIZATION_LEVEL = 0;
				GCC_PREPROCESSOR_DEFINITIONS = (
					"DEBUG=1",
					"$(inherited)",
				);
				GCC_WARN_64_TO_32_BIT_CONVERSION = YES;
				GCC_WARN_ABOUT_RETURN_TYPE = YES_ERROR;
				GCC_WARN_UNDECLARED_SELECTOR = YES;
				GCC_WARN_UNINITIALIZED_AUTOS = YES_AGGRESSIVE;
				GCC_WARN_UNUSED_FUNCTION = YES;
				GCC_WARN_UNUSED_VARIABLE = YES;
				IPHONEOS_DEPLOYMENT_TARGET = 13.5;
				MTL_ENABLE_DEBUG_INFO = INCLUDE_SOURCE;
				MTL_FAST_MATH = YES;
				ONLY_ACTIVE_ARCH = YES;
				SDKROOT = iphoneos;
				SWIFT_ACTIVE_COMPILATION_CONDITIONS = DEBUG;
				SWIFT_OPTIMIZATION_LEVEL = "-Onone";
			};
			name = Debug;
		};
		FBC024B724853DAF0006EF39 /* Release */ = {
			isa = XCBuildConfiguration;
			buildSettings = {
				ALWAYS_SEARCH_USER_PATHS = NO;
				CLANG_ANALYZER_NONNULL = YES;
				CLANG_ANALYZER_NUMBER_OBJECT_CONVERSION = YES_AGGRESSIVE;
				CLANG_CXX_LANGUAGE_STANDARD = "gnu++14";
				CLANG_CXX_LIBRARY = "libc++";
				CLANG_ENABLE_MODULES = YES;
				CLANG_ENABLE_OBJC_ARC = YES;
				CLANG_ENABLE_OBJC_WEAK = YES;
				CLANG_WARN_BLOCK_CAPTURE_AUTORELEASING = YES;
				CLANG_WARN_BOOL_CONVERSION = YES;
				CLANG_WARN_COMMA = YES;
				CLANG_WARN_CONSTANT_CONVERSION = YES;
				CLANG_WARN_DEPRECATED_OBJC_IMPLEMENTATIONS = YES;
				CLANG_WARN_DIRECT_OBJC_ISA_USAGE = YES_ERROR;
				CLANG_WARN_DOCUMENTATION_COMMENTS = YES;
				CLANG_WARN_EMPTY_BODY = YES;
				CLANG_WARN_ENUM_CONVERSION = YES;
				CLANG_WARN_INFINITE_RECURSION = YES;
				CLANG_WARN_INT_CONVERSION = YES;
				CLANG_WARN_NON_LITERAL_NULL_CONVERSION = YES;
				CLANG_WARN_OBJC_IMPLICIT_RETAIN_SELF = YES;
				CLANG_WARN_OBJC_LITERAL_CONVERSION = YES;
				CLANG_WARN_OBJC_ROOT_CLASS = YES_ERROR;
				CLANG_WARN_RANGE_LOOP_ANALYSIS = YES;
				CLANG_WARN_STRICT_PROTOTYPES = YES;
				CLANG_WARN_SUSPICIOUS_MOVE = YES;
				CLANG_WARN_UNGUARDED_AVAILABILITY = YES_AGGRESSIVE;
				CLANG_WARN_UNREACHABLE_CODE = YES;
				CLANG_WARN__DUPLICATE_METHOD_MATCH = YES;
				COPY_PHASE_STRIP = NO;
				DEBUG_INFORMATION_FORMAT = "dwarf-with-dsym";
				ENABLE_NS_ASSERTIONS = NO;
				ENABLE_STRICT_OBJC_MSGSEND = YES;
				GCC_C_LANGUAGE_STANDARD = gnu11;
				GCC_NO_COMMON_BLOCKS = YES;
				GCC_WARN_64_TO_32_BIT_CONVERSION = YES;
				GCC_WARN_ABOUT_RETURN_TYPE = YES_ERROR;
				GCC_WARN_UNDECLARED_SELECTOR = YES;
				GCC_WARN_UNINITIALIZED_AUTOS = YES_AGGRESSIVE;
				GCC_WARN_UNUSED_FUNCTION = YES;
				GCC_WARN_UNUSED_VARIABLE = YES;
				IPHONEOS_DEPLOYMENT_TARGET = 13.5;
				MTL_ENABLE_DEBUG_INFO = NO;
				MTL_FAST_MATH = YES;
				SDKROOT = iphoneos;
				SWIFT_COMPILATION_MODE = wholemodule;
				SWIFT_OPTIMIZATION_LEVEL = "-O";
				VALIDATE_PRODUCT = YES;
			};
			name = Release;
		};
		FBC024B924853DAF0006EF39 /* Debug */ = {
			isa = XCBuildConfiguration;
			buildSettings = {
				ASSETCATALOG_COMPILER_APPICON_NAME = AppIcon;
				CODE_SIGN_STYLE = Automatic;
				DEVELOPMENT_ASSET_PATHS = "\"Agronomist/Preview Content\"";
				ENABLE_PREVIEWS = YES;
				INFOPLIST_FILE = Agronomist/Info.plist;
				LD_RUNPATH_SEARCH_PATHS = (
					"$(inherited)",
					"@executable_path/Frameworks",
				);
				PRODUCT_BUNDLE_IDENTIFIER = net.thally.ryan.Agronomist;
				PRODUCT_NAME = "$(TARGET_NAME)";
				SWIFT_VERSION = 5.0;
				TARGETED_DEVICE_FAMILY = "1,2";
			};
			name = Debug;
		};
		FBC024BA24853DAF0006EF39 /* Release */ = {
			isa = XCBuildConfiguration;
			buildSettings = {
				ASSETCATALOG_COMPILER_APPICON_NAME = AppIcon;
				CODE_SIGN_STYLE = Automatic;
				DEVELOPMENT_ASSET_PATHS = "\"Agronomist/Preview Content\"";
				ENABLE_PREVIEWS = YES;
				INFOPLIST_FILE = Agronomist/Info.plist;
				LD_RUNPATH_SEARCH_PATHS = (
					"$(inherited)",
					"@executable_path/Frameworks",
				);
				PRODUCT_BUNDLE_IDENTIFIER = net.thally.ryan.Agronomist;
				PRODUCT_NAME = "$(TARGET_NAME)";
				SWIFT_VERSION = 5.0;
				TARGETED_DEVICE_FAMILY = "1,2";
			};
			name = Release;
		};
/* End XCBuildConfiguration section */

/* Begin XCConfigurationList section */
		FBC0249C24853DAD0006EF39 /* Build configuration list for PBXProject "Agronomist" */ = {
			isa = XCConfigurationList;
			buildConfigurations = (
				FBC024B624853DAF0006EF39 /* Debug */,
				FBC024B724853DAF0006EF39 /* Release */,
			);
			defaultConfigurationIsVisible = 0;
			defaultConfigurationName = Release;
		};
		FBC024B824853DAF0006EF39 /* Build configuration list for PBXNativeTarget "Agronomist" */ = {
			isa = XCConfigurationList;
			buildConfigurations = (
				FBC024B924853DAF0006EF39 /* Debug */,
				FBC024BA24853DAF0006EF39 /* Release */,
			);
			defaultConfigurationIsVisible = 0;
			defaultConfigurationName = Release;
		};
/* End XCConfigurationList section */

/* Begin XCVersionGroup section */
		FBC024A824853DAD0006EF39 /* Agronomist.xcdatamodeld */ = {
			isa = XCVersionGroup;
			children = (
				FBC024A924853DAD0006EF39 /* Agronomist.xcdatamodel */,
			);
			currentVersion = FBC024A924853DAD0006EF39 /* Agronomist.xcdatamodel */;
			path = Agronomist.xcdatamodeld;
			sourceTree = "<group>";
			versionGroupType = wrapper.xcdatamodel;
		};
/* End XCVersionGroup section */
	};
	rootObject = FBC0249924853DAD0006EF39 /* Project object */;
}
